
Microsoft Visual Studio Solution File, Format Version 12.00
# Visual Studio Version 16
VisualStudioVersion = 16.0.31605.320
MinimumVisualStudioVersion = 10.0.40219.1
Project("{FAE04EC0-301F-11D3-BF4B-00C04F79EFBC}") = "NiboriumBrowser", "NiboriumBrowser.csproj", "{59459B10-ACCD-4C7C-ADC3-6893FF9FE729}"
EndProject
Global
	GlobalSection(SolutionConfigurationPlatforms) = preSolution
		Debug|Any CPU = Debug|Any CPU
		Debug|x64 = Debug|x64
		Release|Any CPU = Release|Any CPU
		Release|x64 = Release|x64
	EndGlobalSection
	GlobalSection(ProjectConfigurationPlatforms) = postSolution
		{59459B10-ACCD-4C7C-ADC3-6893FF9FE729}.Debug|Any CPU.ActiveCfg = Debug|Any CPU
		{59459B10-ACCD-4C7C-ADC3-6893FF9FE729}.Debug|Any CPU.Build.0 = Debug|Any CPU
		{59459B10-ACCD-4C7C-ADC3-6893FF9FE729}.Debug|x64.ActiveCfg = Debug|x64
		{59459B10-ACCD-4C7C-ADC3-6893FF9FE729}.Debug|x64.Build.0 = Debug|x64
		{59459B10-ACCD-4C7C-ADC3-6893FF9FE729}.Release|Any CPU.ActiveCfg = Release|Any CPU
		{59459B10-ACCD-4C7C-ADC3-6893FF9FE729}.Release|Any CPU.Build.0 = Release|Any CPU
		{59459B10-ACCD-4C7C-ADC3-6893FF9FE729}.Release|x64.ActiveCfg = Release|x64
		{59459B10-ACCD-4C7C-ADC3-6893FF9FE729}.Release|x64.Build.0 = Release|x64
	EndGlobalSection
	GlobalSection(SolutionProperties) = preSolution
		HideSolutionNode = FALSE
	EndGlobalSection
	GlobalSection(ExtensibilityGlobals) = postSolution
		SolutionGuid = {14BBE96B-6A1C-441D-AC90-6C5B130AA1FA}
	EndGlobalSection
EndGlobal
